
Microsoft Visual Studio Solution File, Format Version 12.00
# Visual Studio 2013
VisualStudioVersion = 12.0.31101.0
MinimumVisualStudioVersion = 10.0.40219.1
Project("{FAE04EC0-301F-11D3-BF4B-00C04F79EFBC}") = "TestButton", "TestButton\TestButton.csproj", "{C37767BB-18E6-4743-A5EC-1D7F2B38F487}"
EndProject
Project("{FAE04EC0-301F-11D3-BF4B-00C04F79EFBC}") = "myFirstTool", "myFirstTool\myFirstTool.csproj", "{DFBBC355-737E-47CF-9A70-E3F332B56EFE}"
EndProject
Project("{FAE04EC0-301F-11D3-BF4B-00C04F79EFBC}") = "CreatePointFeature", "CreatePointFeature\CreatePointFeature.csproj", "{9737442A-EC45-46E7-9250-EAF49039E20D}"
EndProject
Project("{FAE04EC0-301F-11D3-BF4B-00C04F79EFBC}") = "CreateLineFeature", "CreateLineFeature\CreateLineFeature.csproj", "{BFA31E94-C6B2-41EA-9AE7-26EECF291E03}"
EndProject
Project("{FAE04EC0-301F-11D3-BF4B-00C04F79EFBC}") = "createPolygonFeature", "createPolygonFeature\createPolygonFeature.csproj", "{C62FAE39-0BC8-419C-B2A3-2360E709E45B}"
EndProject
Project("{FAE04EC0-301F-11D3-BF4B-00C04F79EFBC}") = "createMillionFeature", "createMillionFeature\createMillionFeature.csproj", "{A7729137-FE96-4BC6-9D16-5511B3989EA5}"
EndProject
Project("{FAE04EC0-301F-11D3-BF4B-00C04F79EFBC}") = "WorkWithValueDomain", "WorkWithValueDomain\WorkWithValueDomain.csproj", "{663C3834-BA48-466B-A3D8-2BD7EA30A268}"
EndProject
Global
	GlobalSection(SolutionConfigurationPlatforms) = preSolution
		Debug|Any CPU = Debug|Any CPU
		Release|Any CPU = Release|Any CPU
	EndGlobalSection
	GlobalSection(ProjectConfigurationPlatforms) = postSolution
		{C37767BB-18E6-4743-A5EC-1D7F2B38F487}.Debug|Any CPU.ActiveCfg = Debug|Any CPU
		{C37767BB-18E6-4743-A5EC-1D7F2B38F487}.Debug|Any CPU.Build.0 = Debug|Any CPU
		{C37767BB-18E6-4743-A5EC-1D7F2B38F487}.Release|Any CPU.ActiveCfg = Release|Any CPU
		{C37767BB-18E6-4743-A5EC-1D7F2B38F487}.Release|Any CPU.Build.0 = Release|Any CPU
		{DFBBC355-737E-47CF-9A70-E3F332B56EFE}.Debug|Any CPU.ActiveCfg = Debug|Any CPU
		{DFBBC355-737E-47CF-9A70-E3F332B56EFE}.Debug|Any CPU.Build.0 = Debug|Any CPU
		{DFBBC355-737E-47CF-9A70-E3F332B56EFE}.Release|Any CPU.ActiveCfg = Release|Any CPU
		{DFBBC355-737E-47CF-9A70-E3F332B56EFE}.Release|Any CPU.Build.0 = Release|Any CPU
		{9737442A-EC45-46E7-9250-EAF49039E20D}.Debug|Any CPU.ActiveCfg = Debug|Any CPU
		{9737442A-EC45-46E7-9250-EAF49039E20D}.Debug|Any CPU.Build.0 = Debug|Any CPU
		{9737442A-EC45-46E7-9250-EAF49039E20D}.Release|Any CPU.ActiveCfg = Release|Any CPU
		{9737442A-EC45-46E7-9250-EAF49039E20D}.Release|Any CPU.Build.0 = Release|Any CPU
		{BFA31E94-C6B2-41EA-9AE7-26EECF291E03}.Debug|Any CPU.ActiveCfg = Debug|Any CPU
		{BFA31E94-C6B2-41EA-9AE7-26EECF291E03}.Debug|Any CPU.Build.0 = Debug|Any CPU
		{BFA31E94-C6B2-41EA-9AE7-26EECF291E03}.Release|Any CPU.ActiveCfg = Release|Any CPU
		{BFA31E94-C6B2-41EA-9AE7-26EECF291E03}.Release|Any CPU.Build.0 = Release|Any CPU
		{C62FAE39-0BC8-419C-B2A3-2360E709E45B}.Debug|Any CPU.ActiveCfg = Debug|Any CPU
		{C62FAE39-0BC8-419C-B2A3-2360E709E45B}.Debug|Any CPU.Build.0 = Debug|Any CPU
		{C62FAE39-0BC8-419C-B2A3-2360E709E45B}.Release|Any CPU.ActiveCfg = Release|Any CPU
		{C62FAE39-0BC8-419C-B2A3-2360E709E45B}.Release|Any CPU.Build.0 = Release|Any CPU
		{A7729137-FE96-4BC6-9D16-5511B3989EA5}.Debug|Any CPU.ActiveCfg = Debug|Any CPU
		{A7729137-FE96-4BC6-9D16-5511B3989EA5}.Debug|Any CPU.Build.0 = Debug|Any CPU
		{A7729137-FE96-4BC6-9D16-5511B3989EA5}.Release|Any CPU.ActiveCfg = Release|Any CPU
		{A7729137-FE96-4BC6-9D16-5511B3989EA5}.Release|Any CPU.Build.0 = Release|Any CPU
		{663C3834-BA48-466B-A3D8-2BD7EA30A268}.Debug|Any CPU.ActiveCfg = Debug|Any CPU
		{663C3834-BA48-466B-A3D8-2BD7EA30A268}.Debug|Any CPU.Build.0 = Debug|Any CPU
		{663C3834-BA48-466B-A3D8-2BD7EA30A268}.Release|Any CPU.ActiveCfg = Release|Any CPU
		{663C3834-BA48-466B-A3D8-2BD7EA30A268}.Release|Any CPU.Build.0 = Release|Any CPU
	EndGlobalSection
	GlobalSection(SolutionProperties) = preSolution
		HideSolutionNode = FALSE
	EndGlobalSection
EndGlobal
